Microsoft Visual Studio Solution File, Format Version 12.00
# Visual Studio 16
Project("{8BC9CEB8-8B4A-11D0-8D11-00A0C91BC942}") = "ALL_BUILD", "ALL_BUILD.vcxproj", "{AD4A8458-85C8-3F37-BD13-D40DC5E4CC2F}"
	ProjectSection(ProjectDependencies) = postProject
		{2439A627-EE5D-3F69-A4E0-59420E9AFB9D} = {2439A627-EE5D-3F69-A4E0-59420E9AFB9D}
		{D0696885-5002-3B27-B109-00B3FDF74A1B} = {D0696885-5002-3B27-B109-00B3FDF74A1B}
		{CA431591-FCF2-3620-AED6-DD6917CDFF10} = {CA431591-FCF2-3620-AED6-DD6917CDFF10}
		{2D3279AD-7398-3805-87A5-11465ACE9704} = {2D3279AD-7398-3805-87A5-11465ACE9704}
		{D79C4DE5-6C28-3B16-B9EF-0E097F733EA5} = {D79C4DE5-6C28-3B16-B9EF-0E097F733EA5}
		{08ADDDE5-AEE3-33C0-AB90-70CFEEF4B2A9} = {08ADDDE5-AEE3-33C0-AB90-70CFEEF4B2A9}
		{C8F9A7B7-4310-3A24-BDEB-A57349892E68} = {C8F9A7B7-4310-3A24-BDEB-A57349892E68}
		{E3EA6BC9-CB40-37A2-A649-7A4F27EEECE8} = {E3EA6BC9-CB40-37A2-A649-7A4F27EEECE8}
		{76AD2256-84BB-386D-A8E3-EEAE1DBA82AE} = {76AD2256-84BB-386D-A8E3-EEAE1DBA82AE}
	EndProjectSection
EndProject
Project("{8BC9CEB8-8B4A-11D0-8D11-00A0C91BC942}") = "Continuous", "Continuous.vcxproj", "{D250D4BA-51F0-3CB0-BAAF-7EF0267F2133}"
	ProjectSection(ProjectDependencies) = postProject
		{2439A627-EE5D-3F69-A4E0-59420E9AFB9D} = {2439A627-EE5D-3F69-A4E0-59420E9AFB9D}
	EndProjectSection
EndProject
Project("{8BC9CEB8-8B4A-11D0-8D11-00A0C91BC942}") = "Experimental", "Experimental.vcxproj", "{D4E48A4A-B990-320B-A0C5-51E2114A6832}"
	ProjectSection(ProjectDependencies) = postProject
		{2439A627-EE5D-3F69-A4E0-59420E9AFB9D} = {2439A627-EE5D-3F69-A4E0-59420E9AFB9D}
	EndProjectSection
EndProject
Project("{8BC9CEB8-8B4A-11D0-8D11-00A0C91BC942}") = "INSTALL", "INSTALL.vcxproj", "{DB7E67BB-FABE-3196-9A13-B2DA1B914973}"
	ProjectSection(ProjectDependencies) = postProject
		{AD4A8458-85C8-3F37-BD13-D40DC5E4CC2F} = {AD4A8458-85C8-3F37-BD13-D40DC5E4CC2F}
		{2439A627-EE5D-3F69-A4E0-59420E9AFB9D} = {2439A627-EE5D-3F69-A4E0-59420E9AFB9D}
	EndProjectSection
EndProject
Project("{8BC9CEB8-8B4A-11D0-8D11-00A0C91BC942}") = "Nightly", "Nightly.vcxproj", "{B69A9A07-7E27-356F-8519-B295DE82D23E}"
	ProjectSection(ProjectDependencies) = postProject
		{2439A627-EE5D-3F69-A4E0-59420E9AFB9D} = {2439A627-EE5D-3F69-A4E0-59420E9AFB9D}
	EndProjectSection
EndProject
Project("{8BC9CEB8-8B4A-11D0-8D11-00A0C91BC942}") = "NightlyMemoryCheck", "NightlyMemoryCheck.vcxproj", "{7DACCB65-ECB2-3EEF-BC48-73078730C0E5}"
	ProjectSection(ProjectDependencies) = postProject
		{2439A627-EE5D-3F69-A4E0-59420E9AFB9D} = {2439A627-EE5D-3F69-A4E0-59420E9AFB9D}
	EndProjectSection
EndProject
Project("{8BC9CEB8-8B4A-11D0-8D11-00A0C91BC942}") = "PACKAGE", "PACKAGE.vcxproj", "{7F129562-679A-353D-85DB-5DE6D81A19B0}"
	ProjectSection(ProjectDependencies) = postProject
		{AD4A8458-85C8-3F37-BD13-D40DC5E4CC2F} = {AD4A8458-85C8-3F37-BD13-D40DC5E4CC2F}
		{2439A627-EE5D-3F69-A4E0-59420E9AFB9D} = {2439A627-EE5D-3F69-A4E0-59420E9AFB9D}
	EndProjectSection
EndProject
Project("{8BC9CEB8-8B4A-11D0-8D11-00A0C91BC942}") = "RUN_TESTS", "RUN_TESTS.vcxproj", "{C29D11A0-4405-3163-85AC-BE2E97634C3D}"
	ProjectSection(ProjectDependencies) = postProject
		{2439A627-EE5D-3F69-A4E0-59420E9AFB9D} = {2439A627-EE5D-3F69-A4E0-59420E9AFB9D}
	EndProjectSection
EndProject
Project("{8BC9CEB8-8B4A-11D0-8D11-00A0C91BC942}") = "ZERO_CHECK", "ZERO_CHECK.vcxproj", "{2439A627-EE5D-3F69-A4E0-59420E9AFB9D}"
	ProjectSection(ProjectDependencies) = postProject
	EndProjectSection
EndProject
Project("{8BC9CEB8-8B4A-11D0-8D11-00A0C91BC942}") = "demangle_unittest", "demangle_unittest.vcxproj", "{D0696885-5002-3B27-B109-00B3FDF74A1B}"
	ProjectSection(ProjectDependencies) = postProject
		{2439A627-EE5D-3F69-A4E0-59420E9AFB9D} = {2439A627-EE5D-3F69-A4E0-59420E9AFB9D}
		{CA431591-FCF2-3620-AED6-DD6917CDFF10} = {CA431591-FCF2-3620-AED6-DD6917CDFF10}
	EndProjectSection
EndProject
Project("{8BC9CEB8-8B4A-11D0-8D11-00A0C91BC942}") = "glog", "glog.vcxproj", "{CA431591-FCF2-3620-AED6-DD6917CDFF10}"
	ProjectSection(ProjectDependencies) = postProject
		{2439A627-EE5D-3F69-A4E0-59420E9AFB9D} = {2439A627-EE5D-3F69-A4E0-59420E9AFB9D}
	EndProjectSection
EndProject
Project("{8BC9CEB8-8B4A-11D0-8D11-00A0C91BC942}") = "logging_unittest", "logging_unittest.vcxproj", "{2D3279AD-7398-3805-87A5-11465ACE9704}"
	ProjectSection(ProjectDependencies) = postProject
		{2439A627-EE5D-3F69-A4E0-59420E9AFB9D} = {2439A627-EE5D-3F69-A4E0-59420E9AFB9D}
		{CA431591-FCF2-3620-AED6-DD6917CDFF10} = {CA431591-FCF2-3620-AED6-DD6917CDFF10}
	EndProjectSection
EndProject
Project("{8BC9CEB8-8B4A-11D0-8D11-00A0C91BC942}") = "signalhandler_unittest", "signalhandler_unittest.vcxproj", "{D79C4DE5-6C28-3B16-B9EF-0E097F733EA5}"
	ProjectSection(ProjectDependencies) = postProject
		{2439A627-EE5D-3F69-A4E0-59420E9AFB9D} = {2439A627-EE5D-3F69-A4E0-59420E9AFB9D}
		{CA431591-FCF2-3620-AED6-DD6917CDFF10} = {CA431591-FCF2-3620-AED6-DD6917CDFF10}
	EndProjectSection
EndProject
Project("{8BC9CEB8-8B4A-11D0-8D11-00A0C91BC942}") = "stacktrace_unittest", "stacktrace_unittest.vcxproj", "{08ADDDE5-AEE3-33C0-AB90-70CFEEF4B2A9}"
	ProjectSection(ProjectDependencies) = postProject
		{2439A627-EE5D-3F69-A4E0-59420E9AFB9D} = {2439A627-EE5D-3F69-A4E0-59420E9AFB9D}
		{CA431591-FCF2-3620-AED6-DD6917CDFF10} = {CA431591-FCF2-3620-AED6-DD6917CDFF10}
	EndProjectSection
EndProject
Project("{8BC9CEB8-8B4A-11D0-8D11-00A0C91BC942}") = "stl_logging_unittest", "stl_logging_unittest.vcxproj", "{C8F9A7B7-4310-3A24-BDEB-A57349892E68}"
	ProjectSection(ProjectDependencies) = postProject
		{2439A627-EE5D-3F69-A4E0-59420E9AFB9D} = {2439A627-EE5D-3F69-A4E0-59420E9AFB9D}
		{CA431591-FCF2-3620-AED6-DD6917CDFF10} = {CA431591-FCF2-3620-AED6-DD6917CDFF10}
	EndProjectSection
EndProject
Project("{8BC9CEB8-8B4A-11D0-8D11-00A0C91BC942}") = "symbolize_unittest", "symbolize_unittest.vcxproj", "{E3EA6BC9-CB40-37A2-A649-7A4F27EEECE8}"
	ProjectSection(ProjectDependencies) = postProject
		{2439A627-EE5D-3F69-A4E0-59420E9AFB9D} = {2439A627-EE5D-3F69-A4E0-59420E9AFB9D}
		{CA431591-FCF2-3620-AED6-DD6917CDFF10} = {CA431591-FCF2-3620-AED6-DD6917CDFF10}
	EndProjectSection
EndProject
Project("{8BC9CEB8-8B4A-11D0-8D11-00A0C91BC942}") = "utilities_unittest", "utilities_unittest.vcxproj", "{76AD2256-84BB-386D-A8E3-EEAE1DBA82AE}"
	ProjectSection(ProjectDependencies) = postProject
		{2439A627-EE5D-3F69-A4E0-59420E9AFB9D} = {2439A627-EE5D-3F69-A4E0-59420E9AFB9D}
		{CA431591-FCF2-3620-AED6-DD6917CDFF10} = {CA431591-FCF2-3620-AED6-DD6917CDFF10}
	EndProjectSection
EndProject
Global
	GlobalSection(SolutionConfigurationPlatforms) = preSolution
		Debug|Win32 = Debug|Win32
		Release|Win32 = Release|Win32
		MinSizeRel|Win32 = MinSizeRel|Win32
		RelWithDebInfo|Win32 = RelWithDebInfo|Win32
	EndGlobalSection
	GlobalSection(ProjectConfigurationPlatforms) = postSolution
		{AD4A8458-85C8-3F37-BD13-D40DC5E4CC2F}.Debug|Win32.ActiveCfg = Debug|Win32
		{AD4A8458-85C8-3F37-BD13-D40DC5E4CC2F}.Debug|Win32.Build.0 = Debug|Win32
		{AD4A8458-85C8-3F37-BD13-D40DC5E4CC2F}.Release|Win32.ActiveCfg = Release|Win32
		{AD4A8458-85C8-3F37-BD13-D40DC5E4CC2F}.Release|Win32.Build.0 = Release|Win32
		{AD4A8458-85C8-3F37-BD13-D40DC5E4CC2F}.MinSizeRel|Win32.ActiveCfg = MinSizeRel|Win32
		{AD4A8458-85C8-3F37-BD13-D40DC5E4CC2F}.MinSizeRel|Win32.Build.0 = MinSizeRel|Win32
		{AD4A8458-85C8-3F37-BD13-D40DC5E4CC2F}.RelWithDebInfo|Win32.ActiveCfg = RelWithDebInfo|Win32
		{AD4A8458-85C8-3F37-BD13-D40DC5E4CC2F}.RelWithDebInfo|Win32.Build.0 = RelWithDebInfo|Win32
		{D250D4BA-51F0-3CB0-BAAF-7EF0267F2133}.Debug|Win32.ActiveCfg = Debug|Win32
		{D250D4BA-51F0-3CB0-BAAF-7EF0267F2133}.Release|Win32.ActiveCfg = Release|Win32
		{D250D4BA-51F0-3CB0-BAAF-7EF0267F2133}.MinSizeRel|Win32.ActiveCfg = MinSizeRel|Win32
		{D250D4BA-51F0-3CB0-BAAF-7EF0267F2133}.RelWithDebInfo|Win32.ActiveCfg = RelWithDebInfo|Win32
		{D4E48A4A-B990-320B-A0C5-51E2114A6832}.Debug|Win32.ActiveCfg = Debug|Win32
		{D4E48A4A-B990-320B-A0C5-51E2114A6832}.Release|Win32.ActiveCfg = Release|Win32
		{D4E48A4A-B990-320B-A0C5-51E2114A6832}.MinSizeRel|Win32.ActiveCfg = MinSizeRel|Win32
		{D4E48A4A-B990-320B-A0C5-51E2114A6832}.RelWithDebInfo|Win32.ActiveCfg = RelWithDebInfo|Win32
		{DB7E67BB-FABE-3196-9A13-B2DA1B914973}.Debug|Win32.ActiveCfg = Debug|Win32
		{DB7E67BB-FABE-3196-9A13-B2DA1B914973}.Release|Win32.ActiveCfg = Release|Win32
		{DB7E67BB-FABE-3196-9A13-B2DA1B914973}.MinSizeRel|Win32.ActiveCfg = MinSizeRel|Win32
		{DB7E67BB-FABE-3196-9A13-B2DA1B914973}.RelWithDebInfo|Win32.ActiveCfg = RelWithDebInfo|Win32
		{B69A9A07-7E27-356F-8519-B295DE82D23E}.Debug|Win32.ActiveCfg = Debug|Win32
		{B69A9A07-7E27-356F-8519-B295DE82D23E}.Release|Win32.ActiveCfg = Release|Win32
		{B69A9A07-7E27-356F-8519-B295DE82D23E}.MinSizeRel|Win32.ActiveCfg = MinSizeRel|Win32
		{B69A9A07-7E27-356F-8519-B295DE82D23E}.RelWithDebInfo|Win32.ActiveCfg = RelWithDebInfo|Win32
		{7DACCB65-ECB2-3EEF-BC48-73078730C0E5}.Debug|Win32.ActiveCfg = Debug|Win32
		{7DACCB65-ECB2-3EEF-BC48-73078730C0E5}.Release|Win32.ActiveCfg = Release|Win32
		{7DACCB65-ECB2-3EEF-BC48-73078730C0E5}.MinSizeRel|Win32.ActiveCfg = MinSizeRel|Win32
		{7DACCB65-ECB2-3EEF-BC48-73078730C0E5}.RelWithDebInfo|Win32.ActiveCfg = RelWithDebInfo|Win32
		{7F129562-679A-353D-85DB-5DE6D81A19B0}.Debug|Win32.ActiveCfg = Debug|Win32
		{7F129562-679A-353D-85DB-5DE6D81A19B0}.Release|Win32.ActiveCfg = Release|Win32
		{7F129562-679A-353D-85DB-5DE6D81A19B0}.MinSizeRel|Win32.ActiveCfg = MinSizeRel|Win32
		{7F129562-679A-353D-85DB-5DE6D81A19B0}.RelWithDebInfo|Win32.ActiveCfg = RelWithDebInfo|Win32
		{C29D11A0-4405-3163-85AC-BE2E97634C3D}.Debug|Win32.ActiveCfg = Debug|Win32
		{C29D11A0-4405-3163-85AC-BE2E97634C3D}.Release|Win32.ActiveCfg = Release|Win32
		{C29D11A0-4405-3163-85AC-BE2E97634C3D}.MinSizeRel|Win32.ActiveCfg = MinSizeRel|Win32
		{C29D11A0-4405-3163-85AC-BE2E97634C3D}.RelWithDebInfo|Win32.ActiveCfg = RelWithDebInfo|Win32
		{2439A627-EE5D-3F69-A4E0-59420E9AFB9D}.Debug|Win32.ActiveCfg = Debug|Win32
		{2439A627-EE5D-3F69-A4E0-59420E9AFB9D}.Debug|Win32.Build.0 = Debug|Win32
		{2439A627-EE5D-3F69-A4E0-59420E9AFB9D}.Release|Win32.ActiveCfg = Release|Win32
		{2439A627-EE5D-3F69-A4E0-59420E9AFB9D}.Release|Win32.Build.0 = Release|Win32
		{2439A627-EE5D-3F69-A4E0-59420E9AFB9D}.MinSizeRel|Win32.ActiveCfg = MinSizeRel|Win32
		{2439A627-EE5D-3F69-A4E0-59420E9AFB9D}.MinSizeRel|Win32.Build.0 = MinSizeRel|Win32
		{2439A627-EE5D-3F69-A4E0-59420E9AFB9D}.RelWithDebInfo|Win32.ActiveCfg = RelWithDebInfo|Win32
		{2439A627-EE5D-3F69-A4E0-59420E9AFB9D}.RelWithDebInfo|Win32.Build.0 = RelWithDebInfo|Win32
		{D0696885-5002-3B27-B109-00B3FDF74A1B}.Debug|Win32.ActiveCfg = Debug|Win32
		{D0696885-5002-3B27-B109-00B3FDF74A1B}.Debug|Win32.Build.0 = Debug|Win32
		{D0696885-5002-3B27-B109-00B3FDF74A1B}.Release|Win32.ActiveCfg = Release|Win32
		{D0696885-5002-3B27-B109-00B3FDF74A1B}.Release|Win32.Build.0 = Release|Win32
		{D0696885-5002-3B27-B109-00B3FDF74A1B}.MinSizeRel|Win32.ActiveCfg = MinSizeRel|Win32
		{D0696885-5002-3B27-B109-00B3FDF74A1B}.MinSizeRel|Win32.Build.0 = MinSizeRel|Win32
		{D0696885-5002-3B27-B109-00B3FDF74A1B}.RelWithDebInfo|Win32.ActiveCfg = RelWithDebInfo|Win32
		{D0696885-5002-3B27-B109-00B3FDF74A1B}.RelWithDebInfo|Win32.Build.0 = RelWithDebInfo|Win32
		{CA431591-FCF2-3620-AED6-DD6917CDFF10}.Debug|Win32.ActiveCfg = Debug|Win32
		{CA431591-FCF2-3620-AED6-DD6917CDFF10}.Debug|Win32.Build.0 = Debug|Win32
		{CA431591-FCF2-3620-AED6-DD6917CDFF10}.Release|Win32.ActiveCfg = Release|Win32
		{CA431591-FCF2-3620-AED6-DD6917CDFF10}.Release|Win32.Build.0 = Release|Win32
		{CA431591-FCF2-3620-AED6-DD6917CDFF10}.MinSizeRel|Win32.ActiveCfg = MinSizeRel|Win32
		{CA431591-FCF2-3620-AED6-DD6917CDFF10}.MinSizeRel|Win32.Build.0 = MinSizeRel|Win32
		{CA431591-FCF2-3620-AED6-DD6917CDFF10}.RelWithDebInfo|Win32.ActiveCfg = RelWithDebInfo|Win32
		{CA431591-FCF2-3620-AED6-DD6917CDFF10}.RelWithDebInfo|Win32.Build.0 = RelWithDebInfo|Win32
		{2D3279AD-7398-3805-87A5-11465ACE9704}.Debug|Win32.ActiveCfg = Debug|Win32
		{2D3279AD-7398-3805-87A5-11465ACE9704}.Debug|Win32.Build.0 = Debug|Win32
		{2D3279AD-7398-3805-87A5-11465ACE9704}.Release|Win32.ActiveCfg = Release|Win32
		{2D3279AD-7398-3805-87A5-11465ACE9704}.Release|Win32.Build.0 = Release|Win32
		{2D3279AD-7398-3805-87A5-11465ACE9704}.MinSizeRel|Win32.ActiveCfg = MinSizeRel|Win32
		{2D3279AD-7398-3805-87A5-11465ACE9704}.MinSizeRel|Win32.Build.0 = MinSizeRel|Win32
		{2D3279AD-7398-3805-87A5-11465ACE9704}.RelWithDebInfo|Win32.ActiveCfg = RelWithDebInfo|Win32
		{2D3279AD-7398-3805-87A5-11465ACE9704}.RelWithDebInfo|Win32.Build.0 = RelWithDebInfo|Win32
		{D79C4DE5-6C28-3B16-B9EF-0E097F733EA5}.Debug|Win32.ActiveCfg = Debug|Win32
		{D79C4DE5-6C28-3B16-B9EF-0E097F733EA5}.Debug|Win32.Build.0 = Debug|Win32
		{D79C4DE5-6C28-3B16-B9EF-0E097F733EA5}.Release|Win32.ActiveCfg = Release|Win32
		{D79C4DE5-6C28-3B16-B9EF-0E097F733EA5}.Release|Win32.Build.0 = Release|Win32
		{D79C4DE5-6C28-3B16-B9EF-0E097F733EA5}.MinSizeRel|Win32.ActiveCfg = MinSizeRel|Win32
		{D79C4DE5-6C28-3B16-B9EF-0E097F733EA5}.MinSizeRel|Win32.Build.0 = MinSizeRel|Win32
		{D79C4DE5-6C28-3B16-B9EF-0E097F733EA5}.RelWithDebInfo|Win32.ActiveCfg = RelWithDebInfo|Win32
		{D79C4DE5-6C28-3B16-B9EF-0E097F733EA5}.RelWithDebInfo|Win32.Build.0 = RelWithDebInfo|Win32
		{08ADDDE5-AEE3-33C0-AB90-70CFEEF4B2A9}.Debug|Win32.ActiveCfg = Debug|Win32
		{08ADDDE5-AEE3-33C0-AB90-70CFEEF4B2A9}.Debug|Win32.Build.0 = Debug|Win32
		{08ADDDE5-AEE3-33C0-AB90-70CFEEF4B2A9}.Release|Win32.ActiveCfg = Release|Win32
		{08ADDDE5-AEE3-33C0-AB90-70CFEEF4B2A9}.Release|Win32.Build.0 = Release|Win32
		{08ADDDE5-AEE3-33C0-AB90-70CFEEF4B2A9}.MinSizeRel|Win32.ActiveCfg = MinSizeRel|Win32
		{08ADDDE5-AEE3-33C0-AB90-70CFEEF4B2A9}.MinSizeRel|Win32.Build.0 = MinSizeRel|Win32
		{08ADDDE5-AEE3-33C0-AB90-70CFEEF4B2A9}.RelWithDebInfo|Win32.ActiveCfg = RelWithDebInfo|Win32
		{08ADDDE5-AEE3-33C0-AB90-70CFEEF4B2A9}.RelWithDebInfo|Win32.Build.0 = RelWithDebInfo|Win32
		{C8F9A7B7-4310-3A24-BDEB-A57349892E68}.Debug|Win32.ActiveCfg = Debug|Win32
		{C8F9A7B7-4310-3A24-BDEB-A57349892E68}.Debug|Win32.Build.0 = Debug|Win32
		{C8F9A7B7-4310-3A24-BDEB-A57349892E68}.Release|Win32.ActiveCfg = Release|Win32
		{C8F9A7B7-4310-3A24-BDEB-A57349892E68}.Release|Win32.Build.0 = Release|Win32
		{C8F9A7B7-4310-3A24-BDEB-A57349892E68}.MinSizeRel|Win32.ActiveCfg = MinSizeRel|Win32
		{C8F9A7B7-4310-3A24-BDEB-A57349892E68}.MinSizeRel|Win32.Build.0 = MinSizeRel|Win32
		{C8F9A7B7-4310-3A24-BDEB-A57349892E68}.RelWithDebInfo|Win32.ActiveCfg = RelWithDebInfo|Win32
		{C8F9A7B7-4310-3A24-BDEB-A57349892E68}.RelWithDebInfo|Win32.Build.0 = RelWithDebInfo|Win32
		{E3EA6BC9-CB40-37A2-A649-7A4F27EEECE8}.Debug|Win32.ActiveCfg = Debug|Win32
		{E3EA6BC9-CB40-37A2-A649-7A4F27EEECE8}.Debug|Win32.Build.0 = Debug|Win32
		{E3EA6BC9-CB40-37A2-A649-7A4F27EEECE8}.Release|Win32.ActiveCfg = Release|Win32
		{E3EA6BC9-CB40-37A2-A649-7A4F27EEECE8}.Release|Win32.Build.0 = Release|Win32
		{E3EA6BC9-CB40-37A2-A649-7A4F27EEECE8}.MinSizeRel|Win32.ActiveCfg = MinSizeRel|Win32
		{E3EA6BC9-CB40-37A2-A649-7A4F27EEECE8}.MinSizeRel|Win32.Build.0 = MinSizeRel|Win32
		{E3EA6BC9-CB40-37A2-A649-7A4F27EEECE8}.RelWithDebInfo|Win32.ActiveCfg = RelWithDebInfo|Win32
		{E3EA6BC9-CB40-37A2-A649-7A4F27EEECE8}.RelWithDebInfo|Win32.Build.0 = RelWithDebInfo|Win32
		{76AD2256-84BB-386D-A8E3-EEAE1DBA82AE}.Debug|Win32.ActiveCfg = Debug|Win32
		{76AD2256-84BB-386D-A8E3-EEAE1DBA82AE}.Debug|Win32.Build.0 = Debug|Win32
		{76AD2256-84BB-386D-A8E3-EEAE1DBA82AE}.Release|Win32.ActiveCfg = Release|Win32
		{76AD2256-84BB-386D-A8E3-EEAE1DBA82AE}.Release|Win32.Build.0 = Release|Win32
		{76AD2256-84BB-386D-A8E3-EEAE1DBA82AE}.MinSizeRel|Win32.ActiveCfg = MinSizeRel|Win32
		{76AD2256-84BB-386D-A8E3-EEAE1DBA82AE}.MinSizeRel|Win32.Build.0 = MinSizeRel|Win32
		{76AD2256-84BB-386D-A8E3-EEAE1DBA82AE}.RelWithDebInfo|Win32.ActiveCfg = RelWithDebInfo|Win32
		{76AD2256-84BB-386D-A8E3-EEAE1DBA82AE}.RelWithDebInfo|Win32.Build.0 = RelWithDebInfo|Win32
	EndGlobalSection
	GlobalSection(ExtensibilityGlobals) = postSolution
		SolutionGuid = {9260A044-5F20-3311-A1B9-50B168705782}
	EndGlobalSection
	GlobalSection(ExtensibilityAddIns) = postSolution
	EndGlobalSection
EndGlobal
