<?xml version="1.0" encoding="utf-8"?>
<Project ToolsVersion="16.0" xmlns="http://schemas.microsoft.com/developer/msbuild/2003">
  <ItemGroup>
    <CustomBuild Include="E:\Repos\glog\build-vs-32\CMakeFiles\c480874363fc90c89f4f66b1f8f50b8c\INSTALL_force.rule">
      <Filter>CMake Rules</Filter>
    </CustomBuild>
  </ItemGroup>
  <ItemGroup>
    <Filter Include="CMake Rules">
      <UniqueIdentifier>{EAE584E8-1494-3B72-925B-C2D4FCD02D71}</UniqueIdentifier>
    </Filter>
  </ItemGroup>
</Project>
