Microsoft Visual Studio Solution File, Format Version 12.00
# Visual Studio 16
Project("{8BC9CEB8-8B4A-11D0-8D11-00A0C91BC942}") = "ALL_BUILD", "ALL_BUILD.vcxproj", "{E568FDB4-8FD8-3A01-9C07-4A1E519FEA5B}"
	ProjectSection(ProjectDependencies) = postProject
		{F926D800-FD54-3870-AAB7-80597EEFAAEF} = {F926D800-FD54-3870-AAB7-80597EEFAAEF}
		{1751308F-68F8-3F5D-B225-F708F7CD2816} = {1751308F-68F8-3F5D-B225-F708F7CD2816}
		{009BB075-1110-339A-A751-751D5888FA80} = {009BB075-1110-339A-A751-751D5888FA80}
		{92B3F19D-9130-3E2F-B02A-1F56D2157113} = {92B3F19D-9130-3E2F-B02A-1F56D2157113}
		{38FE0A6C-56F6-39C9-B22E-0F0EA64DF664} = {38FE0A6C-56F6-39C9-B22E-0F0EA64DF664}
		{D56102B7-0231-3D0D-B189-40FFFC2F0DF4} = {D56102B7-0231-3D0D-B189-40FFFC2F0DF4}
		{A36BFF40-19E7-3BF3-B63E-AFC042F65E1C} = {A36BFF40-19E7-3BF3-B63E-AFC042F65E1C}
		{E5654059-E4BD-3C36-8371-5499D1D55082} = {E5654059-E4BD-3C36-8371-5499D1D55082}
		{24E657CD-0ED9-31DC-ACFE-3BFD6F6C3205} = {24E657CD-0ED9-31DC-ACFE-3BFD6F6C3205}
	EndProjectSection
EndProject
Project("{8BC9CEB8-8B4A-11D0-8D11-00A0C91BC942}") = "Continuous", "Continuous.vcxproj", "{B73034AD-BA73-3F69-8B71-6DF4BDD534C2}"
	ProjectSection(ProjectDependencies) = postProject
		{F926D800-FD54-3870-AAB7-80597EEFAAEF} = {F926D800-FD54-3870-AAB7-80597EEFAAEF}
	EndProjectSection
EndProject
Project("{8BC9CEB8-8B4A-11D0-8D11-00A0C91BC942}") = "Experimental", "Experimental.vcxproj", "{E47D8575-76ED-3F78-BBDC-8A2F5A9AE14B}"
	ProjectSection(ProjectDependencies) = postProject
		{F926D800-FD54-3870-AAB7-80597EEFAAEF} = {F926D800-FD54-3870-AAB7-80597EEFAAEF}
	EndProjectSection
EndProject
Project("{8BC9CEB8-8B4A-11D0-8D11-00A0C91BC942}") = "INSTALL", "INSTALL.vcxproj", "{0F8CF528-4D7F-3CA9-9871-295CED4B6E72}"
	ProjectSection(ProjectDependencies) = postProject
		{E568FDB4-8FD8-3A01-9C07-4A1E519FEA5B} = {E568FDB4-8FD8-3A01-9C07-4A1E519FEA5B}
		{F926D800-FD54-3870-AAB7-80597EEFAAEF} = {F926D800-FD54-3870-AAB7-80597EEFAAEF}
	EndProjectSection
EndProject
Project("{8BC9CEB8-8B4A-11D0-8D11-00A0C91BC942}") = "Nightly", "Nightly.vcxproj", "{34D9626A-7B01-3838-83FD-561B8D36B3ED}"
	ProjectSection(ProjectDependencies) = postProject
		{F926D800-FD54-3870-AAB7-80597EEFAAEF} = {F926D800-FD54-3870-AAB7-80597EEFAAEF}
	EndProjectSection
EndProject
Project("{8BC9CEB8-8B4A-11D0-8D11-00A0C91BC942}") = "NightlyMemoryCheck", "NightlyMemoryCheck.vcxproj", "{D106EEF7-FC7D-3DD3-ACBB-B5E17DA97456}"
	ProjectSection(ProjectDependencies) = postProject
		{F926D800-FD54-3870-AAB7-80597EEFAAEF} = {F926D800-FD54-3870-AAB7-80597EEFAAEF}
	EndProjectSection
EndProject
Project("{8BC9CEB8-8B4A-11D0-8D11-00A0C91BC942}") = "PACKAGE", "PACKAGE.vcxproj", "{5890CBD6-C21F-363D-9E58-5EBA9AD3D395}"
	ProjectSection(ProjectDependencies) = postProject
		{E568FDB4-8FD8-3A01-9C07-4A1E519FEA5B} = {E568FDB4-8FD8-3A01-9C07-4A1E519FEA5B}
		{F926D800-FD54-3870-AAB7-80597EEFAAEF} = {F926D800-FD54-3870-AAB7-80597EEFAAEF}
	EndProjectSection
EndProject
Project("{8BC9CEB8-8B4A-11D0-8D11-00A0C91BC942}") = "RUN_TESTS", "RUN_TESTS.vcxproj", "{3723F8C9-62EF-3055-8BE9-8F80DD932985}"
	ProjectSection(ProjectDependencies) = postProject
		{F926D800-FD54-3870-AAB7-80597EEFAAEF} = {F926D800-FD54-3870-AAB7-80597EEFAAEF}
	EndProjectSection
EndProject
Project("{8BC9CEB8-8B4A-11D0-8D11-00A0C91BC942}") = "ZERO_CHECK", "ZERO_CHECK.vcxproj", "{F926D800-FD54-3870-AAB7-80597EEFAAEF}"
	ProjectSection(ProjectDependencies) = postProject
	EndProjectSection
EndProject
Project("{8BC9CEB8-8B4A-11D0-8D11-00A0C91BC942}") = "demangle_unittest", "demangle_unittest.vcxproj", "{1751308F-68F8-3F5D-B225-F708F7CD2816}"
	ProjectSection(ProjectDependencies) = postProject
		{F926D800-FD54-3870-AAB7-80597EEFAAEF} = {F926D800-FD54-3870-AAB7-80597EEFAAEF}
		{009BB075-1110-339A-A751-751D5888FA80} = {009BB075-1110-339A-A751-751D5888FA80}
	EndProjectSection
EndProject
Project("{8BC9CEB8-8B4A-11D0-8D11-00A0C91BC942}") = "glog", "glog.vcxproj", "{009BB075-1110-339A-A751-751D5888FA80}"
	ProjectSection(ProjectDependencies) = postProject
		{F926D800-FD54-3870-AAB7-80597EEFAAEF} = {F926D800-FD54-3870-AAB7-80597EEFAAEF}
	EndProjectSection
EndProject
Project("{8BC9CEB8-8B4A-11D0-8D11-00A0C91BC942}") = "logging_unittest", "logging_unittest.vcxproj", "{92B3F19D-9130-3E2F-B02A-1F56D2157113}"
	ProjectSection(ProjectDependencies) = postProject
		{F926D800-FD54-3870-AAB7-80597EEFAAEF} = {F926D800-FD54-3870-AAB7-80597EEFAAEF}
		{009BB075-1110-339A-A751-751D5888FA80} = {009BB075-1110-339A-A751-751D5888FA80}
	EndProjectSection
EndProject
Project("{8BC9CEB8-8B4A-11D0-8D11-00A0C91BC942}") = "signalhandler_unittest", "signalhandler_unittest.vcxproj", "{38FE0A6C-56F6-39C9-B22E-0F0EA64DF664}"
	ProjectSection(ProjectDependencies) = postProject
		{F926D800-FD54-3870-AAB7-80597EEFAAEF} = {F926D800-FD54-3870-AAB7-80597EEFAAEF}
		{009BB075-1110-339A-A751-751D5888FA80} = {009BB075-1110-339A-A751-751D5888FA80}
	EndProjectSection
EndProject
Project("{8BC9CEB8-8B4A-11D0-8D11-00A0C91BC942}") = "stacktrace_unittest", "stacktrace_unittest.vcxproj", "{D56102B7-0231-3D0D-B189-40FFFC2F0DF4}"
	ProjectSection(ProjectDependencies) = postProject
		{F926D800-FD54-3870-AAB7-80597EEFAAEF} = {F926D800-FD54-3870-AAB7-80597EEFAAEF}
		{009BB075-1110-339A-A751-751D5888FA80} = {009BB075-1110-339A-A751-751D5888FA80}
	EndProjectSection
EndProject
Project("{8BC9CEB8-8B4A-11D0-8D11-00A0C91BC942}") = "stl_logging_unittest", "stl_logging_unittest.vcxproj", "{A36BFF40-19E7-3BF3-B63E-AFC042F65E1C}"
	ProjectSection(ProjectDependencies) = postProject
		{F926D800-FD54-3870-AAB7-80597EEFAAEF} = {F926D800-FD54-3870-AAB7-80597EEFAAEF}
		{009BB075-1110-339A-A751-751D5888FA80} = {009BB075-1110-339A-A751-751D5888FA80}
	EndProjectSection
EndProject
Project("{8BC9CEB8-8B4A-11D0-8D11-00A0C91BC942}") = "symbolize_unittest", "symbolize_unittest.vcxproj", "{E5654059-E4BD-3C36-8371-5499D1D55082}"
	ProjectSection(ProjectDependencies) = postProject
		{F926D800-FD54-3870-AAB7-80597EEFAAEF} = {F926D800-FD54-3870-AAB7-80597EEFAAEF}
		{009BB075-1110-339A-A751-751D5888FA80} = {009BB075-1110-339A-A751-751D5888FA80}
	EndProjectSection
EndProject
Project("{8BC9CEB8-8B4A-11D0-8D11-00A0C91BC942}") = "utilities_unittest", "utilities_unittest.vcxproj", "{24E657CD-0ED9-31DC-ACFE-3BFD6F6C3205}"
	ProjectSection(ProjectDependencies) = postProject
		{F926D800-FD54-3870-AAB7-80597EEFAAEF} = {F926D800-FD54-3870-AAB7-80597EEFAAEF}
		{009BB075-1110-339A-A751-751D5888FA80} = {009BB075-1110-339A-A751-751D5888FA80}
	EndProjectSection
EndProject
Global
	GlobalSection(SolutionConfigurationPlatforms) = preSolution
		Debug|x64 = Debug|x64
		Release|x64 = Release|x64
		MinSizeRel|x64 = MinSizeRel|x64
		RelWithDebInfo|x64 = RelWithDebInfo|x64
	EndGlobalSection
	GlobalSection(ProjectConfigurationPlatforms) = postSolution
		{E568FDB4-8FD8-3A01-9C07-4A1E519FEA5B}.Debug|x64.ActiveCfg = Debug|x64
		{E568FDB4-8FD8-3A01-9C07-4A1E519FEA5B}.Debug|x64.Build.0 = Debug|x64
		{E568FDB4-8FD8-3A01-9C07-4A1E519FEA5B}.Release|x64.ActiveCfg = Release|x64
		{E568FDB4-8FD8-3A01-9C07-4A1E519FEA5B}.Release|x64.Build.0 = Release|x64
		{E568FDB4-8FD8-3A01-9C07-4A1E519FEA5B}.MinSizeRel|x64.ActiveCfg = MinSizeRel|x64
		{E568FDB4-8FD8-3A01-9C07-4A1E519FEA5B}.MinSizeRel|x64.Build.0 = MinSizeRel|x64
		{E568FDB4-8FD8-3A01-9C07-4A1E519FEA5B}.RelWithDebInfo|x64.ActiveCfg = RelWithDebInfo|x64
		{E568FDB4-8FD8-3A01-9C07-4A1E519FEA5B}.RelWithDebInfo|x64.Build.0 = RelWithDebInfo|x64
		{B73034AD-BA73-3F69-8B71-6DF4BDD534C2}.Debug|x64.ActiveCfg = Debug|x64
		{B73034AD-BA73-3F69-8B71-6DF4BDD534C2}.Release|x64.ActiveCfg = Release|x64
		{B73034AD-BA73-3F69-8B71-6DF4BDD534C2}.MinSizeRel|x64.ActiveCfg = MinSizeRel|x64
		{B73034AD-BA73-3F69-8B71-6DF4BDD534C2}.RelWithDebInfo|x64.ActiveCfg = RelWithDebInfo|x64
		{E47D8575-76ED-3F78-BBDC-8A2F5A9AE14B}.Debug|x64.ActiveCfg = Debug|x64
		{E47D8575-76ED-3F78-BBDC-8A2F5A9AE14B}.Release|x64.ActiveCfg = Release|x64
		{E47D8575-76ED-3F78-BBDC-8A2F5A9AE14B}.MinSizeRel|x64.ActiveCfg = MinSizeRel|x64
		{E47D8575-76ED-3F78-BBDC-8A2F5A9AE14B}.RelWithDebInfo|x64.ActiveCfg = RelWithDebInfo|x64
		{0F8CF528-4D7F-3CA9-9871-295CED4B6E72}.Debug|x64.ActiveCfg = Debug|x64
		{0F8CF528-4D7F-3CA9-9871-295CED4B6E72}.Release|x64.ActiveCfg = Release|x64
		{0F8CF528-4D7F-3CA9-9871-295CED4B6E72}.MinSizeRel|x64.ActiveCfg = MinSizeRel|x64
		{0F8CF528-4D7F-3CA9-9871-295CED4B6E72}.RelWithDebInfo|x64.ActiveCfg = RelWithDebInfo|x64
		{34D9626A-7B01-3838-83FD-561B8D36B3ED}.Debug|x64.ActiveCfg = Debug|x64
		{34D9626A-7B01-3838-83FD-561B8D36B3ED}.Release|x64.ActiveCfg = Release|x64
		{34D9626A-7B01-3838-83FD-561B8D36B3ED}.MinSizeRel|x64.ActiveCfg = MinSizeRel|x64
		{34D9626A-7B01-3838-83FD-561B8D36B3ED}.RelWithDebInfo|x64.ActiveCfg = RelWithDebInfo|x64
		{D106EEF7-FC7D-3DD3-ACBB-B5E17DA97456}.Debug|x64.ActiveCfg = Debug|x64
		{D106EEF7-FC7D-3DD3-ACBB-B5E17DA97456}.Release|x64.ActiveCfg = Release|x64
		{D106EEF7-FC7D-3DD3-ACBB-B5E17DA97456}.MinSizeRel|x64.ActiveCfg = MinSizeRel|x64
		{D106EEF7-FC7D-3DD3-ACBB-B5E17DA97456}.RelWithDebInfo|x64.ActiveCfg = RelWithDebInfo|x64
		{5890CBD6-C21F-363D-9E58-5EBA9AD3D395}.Debug|x64.ActiveCfg = Debug|x64
		{5890CBD6-C21F-363D-9E58-5EBA9AD3D395}.Release|x64.ActiveCfg = Release|x64
		{5890CBD6-C21F-363D-9E58-5EBA9AD3D395}.MinSizeRel|x64.ActiveCfg = MinSizeRel|x64
		{5890CBD6-C21F-363D-9E58-5EBA9AD3D395}.RelWithDebInfo|x64.ActiveCfg = RelWithDebInfo|x64
		{3723F8C9-62EF-3055-8BE9-8F80DD932985}.Debug|x64.ActiveCfg = Debug|x64
		{3723F8C9-62EF-3055-8BE9-8F80DD932985}.Release|x64.ActiveCfg = Release|x64
		{3723F8C9-62EF-3055-8BE9-8F80DD932985}.MinSizeRel|x64.ActiveCfg = MinSizeRel|x64
		{3723F8C9-62EF-3055-8BE9-8F80DD932985}.RelWithDebInfo|x64.ActiveCfg = RelWithDebInfo|x64
		{F926D800-FD54-3870-AAB7-80597EEFAAEF}.Debug|x64.ActiveCfg = Debug|x64
		{F926D800-FD54-3870-AAB7-80597EEFAAEF}.Debug|x64.Build.0 = Debug|x64
		{F926D800-FD54-3870-AAB7-80597EEFAAEF}.Release|x64.ActiveCfg = Release|x64
		{F926D800-FD54-3870-AAB7-80597EEFAAEF}.Release|x64.Build.0 = Release|x64
		{F926D800-FD54-3870-AAB7-80597EEFAAEF}.MinSizeRel|x64.ActiveCfg = MinSizeRel|x64
		{F926D800-FD54-3870-AAB7-80597EEFAAEF}.MinSizeRel|x64.Build.0 = MinSizeRel|x64
		{F926D800-FD54-3870-AAB7-80597EEFAAEF}.RelWithDebInfo|x64.ActiveCfg = RelWithDebInfo|x64
		{F926D800-FD54-3870-AAB7-80597EEFAAEF}.RelWithDebInfo|x64.Build.0 = RelWithDebInfo|x64
		{1751308F-68F8-3F5D-B225-F708F7CD2816}.Debug|x64.ActiveCfg = Debug|x64
		{1751308F-68F8-3F5D-B225-F708F7CD2816}.Debug|x64.Build.0 = Debug|x64
		{1751308F-68F8-3F5D-B225-F708F7CD2816}.Release|x64.ActiveCfg = Release|x64
		{1751308F-68F8-3F5D-B225-F708F7CD2816}.Release|x64.Build.0 = Release|x64
		{1751308F-68F8-3F5D-B225-F708F7CD2816}.MinSizeRel|x64.ActiveCfg = MinSizeRel|x64
		{1751308F-68F8-3F5D-B225-F708F7CD2816}.MinSizeRel|x64.Build.0 = MinSizeRel|x64
		{1751308F-68F8-3F5D-B225-F708F7CD2816}.RelWithDebInfo|x64.ActiveCfg = RelWithDebInfo|x64
		{1751308F-68F8-3F5D-B225-F708F7CD2816}.RelWithDebInfo|x64.Build.0 = RelWithDebInfo|x64
		{009BB075-1110-339A-A751-751D5888FA80}.Debug|x64.ActiveCfg = Debug|x64
		{009BB075-1110-339A-A751-751D5888FA80}.Debug|x64.Build.0 = Debug|x64
		{009BB075-1110-339A-A751-751D5888FA80}.Release|x64.ActiveCfg = Release|x64
		{009BB075-1110-339A-A751-751D5888FA80}.Release|x64.Build.0 = Release|x64
		{009BB075-1110-339A-A751-751D5888FA80}.MinSizeRel|x64.ActiveCfg = MinSizeRel|x64
		{009BB075-1110-339A-A751-751D5888FA80}.MinSizeRel|x64.Build.0 = MinSizeRel|x64
		{009BB075-1110-339A-A751-751D5888FA80}.RelWithDebInfo|x64.ActiveCfg = RelWithDebInfo|x64
		{009BB075-1110-339A-A751-751D5888FA80}.RelWithDebInfo|x64.Build.0 = RelWithDebInfo|x64
		{92B3F19D-9130-3E2F-B02A-1F56D2157113}.Debug|x64.ActiveCfg = Debug|x64
		{92B3F19D-9130-3E2F-B02A-1F56D2157113}.Debug|x64.Build.0 = Debug|x64
		{92B3F19D-9130-3E2F-B02A-1F56D2157113}.Release|x64.ActiveCfg = Release|x64
		{92B3F19D-9130-3E2F-B02A-1F56D2157113}.Release|x64.Build.0 = Release|x64
		{92B3F19D-9130-3E2F-B02A-1F56D2157113}.MinSizeRel|x64.ActiveCfg = MinSizeRel|x64
		{92B3F19D-9130-3E2F-B02A-1F56D2157113}.MinSizeRel|x64.Build.0 = MinSizeRel|x64
		{92B3F19D-9130-3E2F-B02A-1F56D2157113}.RelWithDebInfo|x64.ActiveCfg = RelWithDebInfo|x64
		{92B3F19D-9130-3E2F-B02A-1F56D2157113}.RelWithDebInfo|x64.Build.0 = RelWithDebInfo|x64
		{38FE0A6C-56F6-39C9-B22E-0F0EA64DF664}.Debug|x64.ActiveCfg = Debug|x64
		{38FE0A6C-56F6-39C9-B22E-0F0EA64DF664}.Debug|x64.Build.0 = Debug|x64
		{38FE0A6C-56F6-39C9-B22E-0F0EA64DF664}.Release|x64.ActiveCfg = Release|x64
		{38FE0A6C-56F6-39C9-B22E-0F0EA64DF664}.Release|x64.Build.0 = Release|x64
		{38FE0A6C-56F6-39C9-B22E-0F0EA64DF664}.MinSizeRel|x64.ActiveCfg = MinSizeRel|x64
		{38FE0A6C-56F6-39C9-B22E-0F0EA64DF664}.MinSizeRel|x64.Build.0 = MinSizeRel|x64
		{38FE0A6C-56F6-39C9-B22E-0F0EA64DF664}.RelWithDebInfo|x64.ActiveCfg = RelWithDebInfo|x64
		{38FE0A6C-56F6-39C9-B22E-0F0EA64DF664}.RelWithDebInfo|x64.Build.0 = RelWithDebInfo|x64
		{D56102B7-0231-3D0D-B189-40FFFC2F0DF4}.Debug|x64.ActiveCfg = Debug|x64
		{D56102B7-0231-3D0D-B189-40FFFC2F0DF4}.Debug|x64.Build.0 = Debug|x64
		{D56102B7-0231-3D0D-B189-40FFFC2F0DF4}.Release|x64.ActiveCfg = Release|x64
		{D56102B7-0231-3D0D-B189-40FFFC2F0DF4}.Release|x64.Build.0 = Release|x64
		{D56102B7-0231-3D0D-B189-40FFFC2F0DF4}.MinSizeRel|x64.ActiveCfg = MinSizeRel|x64
		{D56102B7-0231-3D0D-B189-40FFFC2F0DF4}.MinSizeRel|x64.Build.0 = MinSizeRel|x64
		{D56102B7-0231-3D0D-B189-40FFFC2F0DF4}.RelWithDebInfo|x64.ActiveCfg = RelWithDebInfo|x64
		{D56102B7-0231-3D0D-B189-40FFFC2F0DF4}.RelWithDebInfo|x64.Build.0 = RelWithDebInfo|x64
		{A36BFF40-19E7-3BF3-B63E-AFC042F65E1C}.Debug|x64.ActiveCfg = Debug|x64
		{A36BFF40-19E7-3BF3-B63E-AFC042F65E1C}.Debug|x64.Build.0 = Debug|x64
		{A36BFF40-19E7-3BF3-B63E-AFC042F65E1C}.Release|x64.ActiveCfg = Release|x64
		{A36BFF40-19E7-3BF3-B63E-AFC042F65E1C}.Release|x64.Build.0 = Release|x64
		{A36BFF40-19E7-3BF3-B63E-AFC042F65E1C}.MinSizeRel|x64.ActiveCfg = MinSizeRel|x64
		{A36BFF40-19E7-3BF3-B63E-AFC042F65E1C}.MinSizeRel|x64.Build.0 = MinSizeRel|x64
		{A36BFF40-19E7-3BF3-B63E-AFC042F65E1C}.RelWithDebInfo|x64.ActiveCfg = RelWithDebInfo|x64
		{A36BFF40-19E7-3BF3-B63E-AFC042F65E1C}.RelWithDebInfo|x64.Build.0 = RelWithDebInfo|x64
		{E5654059-E4BD-3C36-8371-5499D1D55082}.Debug|x64.ActiveCfg = Debug|x64
		{E5654059-E4BD-3C36-8371-5499D1D55082}.Debug|x64.Build.0 = Debug|x64
		{E5654059-E4BD-3C36-8371-5499D1D55082}.Release|x64.ActiveCfg = Release|x64
		{E5654059-E4BD-3C36-8371-5499D1D55082}.Release|x64.Build.0 = Release|x64
		{E5654059-E4BD-3C36-8371-5499D1D55082}.MinSizeRel|x64.ActiveCfg = MinSizeRel|x64
		{E5654059-E4BD-3C36-8371-5499D1D55082}.MinSizeRel|x64.Build.0 = MinSizeRel|x64
		{E5654059-E4BD-3C36-8371-5499D1D55082}.RelWithDebInfo|x64.ActiveCfg = RelWithDebInfo|x64
		{E5654059-E4BD-3C36-8371-5499D1D55082}.RelWithDebInfo|x64.Build.0 = RelWithDebInfo|x64
		{24E657CD-0ED9-31DC-ACFE-3BFD6F6C3205}.Debug|x64.ActiveCfg = Debug|x64
		{24E657CD-0ED9-31DC-ACFE-3BFD6F6C3205}.Debug|x64.Build.0 = Debug|x64
		{24E657CD-0ED9-31DC-ACFE-3BFD6F6C3205}.Release|x64.ActiveCfg = Release|x64
		{24E657CD-0ED9-31DC-ACFE-3BFD6F6C3205}.Release|x64.Build.0 = Release|x64
		{24E657CD-0ED9-31DC-ACFE-3BFD6F6C3205}.MinSizeRel|x64.ActiveCfg = MinSizeRel|x64
		{24E657CD-0ED9-31DC-ACFE-3BFD6F6C3205}.MinSizeRel|x64.Build.0 = MinSizeRel|x64
		{24E657CD-0ED9-31DC-ACFE-3BFD6F6C3205}.RelWithDebInfo|x64.ActiveCfg = RelWithDebInfo|x64
		{24E657CD-0ED9-31DC-ACFE-3BFD6F6C3205}.RelWithDebInfo|x64.Build.0 = RelWithDebInfo|x64
	EndGlobalSection
	GlobalSection(ExtensibilityGlobals) = postSolution
		SolutionGuid = {21ED12E5-EB24-3D63-9B13-571E4FD6CC04}
	EndGlobalSection
	GlobalSection(ExtensibilityAddIns) = postSolution
	EndGlobalSection
EndGlobal
